
Microsoft Visual Studio Solution File, Format Version 12.00
# Visual Studio Version 17
VisualStudioVersion = 17.9.34723.18
MinimumVisualStudioVersion = 10.0.40219.1
Project("{FAE04EC0-301F-11D3-BF4B-00C04F79EFBC}") = "task1_C#", "task1_C#\task1_C#.csproj", "{FA8DAA7E-EEB6-4193-B92F-BD10098D1DD1}"
EndProject
Global
	GlobalSection(SolutionConfigurationPlatforms) = preSolution
		Debug|Any CPU = Debug|Any CPU
		Release|Any CPU = Release|Any CPU
	EndGlobalSection
	GlobalSection(ProjectConfigurationPlatforms) = postSolution
		{FA8DAA7E-EEB6-4193-B92F-BD10098D1DD1}.Debug|Any CPU.ActiveCfg = Debug|Any CPU
		{FA8DAA7E-EEB6-4193-B92F-BD10098D1DD1}.Debug|Any CPU.Build.0 = Debug|Any CPU
		{FA8DAA7E-EEB6-4193-B92F-BD10098D1DD1}.Release|Any CPU.ActiveCfg = Release|Any CPU
		{FA8DAA7E-EEB6-4193-B92F-BD10098D1DD1}.Release|Any CPU.Build.0 = Release|Any CPU
	EndGlobalSection
	GlobalSection(SolutionProperties) = preSolution
		HideSolutionNode = FALSE
	EndGlobalSection
	GlobalSection(ExtensibilityGlobals) = postSolution
		SolutionGuid = {CEA0024A-6856-47E5-AF70-900AB7D5123F}
	EndGlobalSection
EndGlobal
